{
  "name": "md5-hash-dict",
  "version": "1.0.3",
  "lockfileVersion": 1,
  "requires": true,
  "dependencies": {
    "foreachasync": {
      "version": "3.0.0",
      "resolved": "https://registry.npmjs.org/foreachasync/-/foreachasync-3.0.0.tgz",
      "integrity": "sha1-VQKYfchxS+M5IJfzLgBxyd7gfPY="
    },
    "md5-file": {
      "version": "4.0.0",
      "resolved": "https://registry.npmjs.org/md5-file/-/md5-file-4.0.0.tgz",
      "integrity": "sha512-UC0qFwyAjn4YdPpKaDNw6gNxRf7Mcx7jC1UGCY4boCzgvU2Aoc1mOGzTtrjjLKhM5ivsnhoKpQVxKPp+1j1qwg=="
    },
    "md5-hash-dict": {
      "version": "1.0.3",
      "resolved": "https://registry.npmjs.org/md5-hash-dict/-/md5-hash-dict-1.0.3.tgz",
      "integrity": "sha512-ZJBBde/e1Ai+KdziKnmoRGqvV/mHW/sWSXqa7D34FUsCBHtIcU8nOPt/4cd1AW4CnJ55l3ljZPVaS2hWGanFcA==",
      "requires": {
        "md5-file": "^4.0.0",
        "md5-hash-dict": "^1.0.0",
        "walk": "^2.3.14"
      }
    },
    "walk": {
      "version": "2.3.14",
      "resolved": "https://registry.npmjs.org/walk/-/walk-2.3.14.tgz",
      "integrity": "sha512-5skcWAUmySj6hkBdH6B6+3ddMjVQYH5Qy9QGbPmN8kVmLteXk+yVXg+yfk1nbX30EYakahLrr8iPcCxJQSCBeg==",
      "requires": {
        "foreachasync": "^3.0.0"
      }
    }
  }
}
